<?xml version="1.0" encoding="utf-8"?>
<Project ToolsVersion="4.0" xmlns="http://schemas.microsoft.com/developer/msbuild/2003">
  <ItemGroup>
    <Filter Include="Файлы исходного кода">
      <UniqueIdentifier>{4FC737F1-C7A5-4376-A066-2A32D752A2FF}</UniqueIdentifier>
      <Extensions>cpp;c;cc;cxx;def;odl;idl;hpj;bat;asm;asmx</Extensions>
    </Filter>
    <Filter Include="Заголовочные файлы">
      <UniqueIdentifier>{93995380-89BD-4b04-88EB-625FBE52EBFB}</UniqueIdentifier>
      <Extensions>h;hh;hpp;hxx;hm;inl;inc;xsd</Extensions>
    </Filter>
    <Filter Include="Файлы ресурсов">
      <UniqueIdentifier>{67DA6AB6-F800-4c08-8B7A-83BB121AAD01}</UniqueIdentifier>
      <Extensions>rc;ico;cur;bmp;dlg;rc2;rct;bin;rgs;gif;jpg;jpeg;jpe;resx;tiff;tif;png;wav;mfcribbon-ms</Extensions>
    </Filter>
    <Filter Include="cl">
      <UniqueIdentifier>{2f4b5e83-9619-4084-8f4f-e970c752e5ab}</UniqueIdentifier>
    </Filter>
    <Filter Include="cl\include">
      <UniqueIdentifier>{de03314d-962f-4872-aeb6-fca87d8c701b}</UniqueIdentifier>
    </Filter>
  </ItemGroup>
  <ItemGroup>
    <ClInclude Include="utils.h">
      <Filter>Заголовочные файлы</Filter>
    </ClInclude>
    <ClInclude Include="..\pic\mathtypes.h">
      <Filter>Заголовочные файлы</Filter>
    </ClInclude>
    <ClInclude Include="cl_grid.h">
      <Filter>Заголовочные файлы</Filter>
    </ClInclude>
    <ClInclude Include="real_t.h">
      <Filter>Заголовочные файлы</Filter>
    </ClInclude>
    <ClInclude Include="cl_descriptor.h">
      <Filter>Заголовочные файлы</Filter>
    </ClInclude>
    <ClInclude Include="pic_kernel.h">
      <Filter>Заголовочные файлы</Filter>
    </ClInclude>
    <ClInclude Include="common.h">
      <Filter>Заголовочные файлы</Filter>
    </ClInclude>
    <ClInclude Include="tests.h">
      <Filter>Заголовочные файлы</Filter>
    </ClInclude>
    <ClInclude Include="..\pic\grid.h">
      <Filter>Файлы исходного кода</Filter>
    </ClInclude>
  </ItemGroup>
  <ItemGroup>
    <ClCompile Include="main.cpp">
      <Filter>Файлы исходного кода</Filter>
    </ClCompile>
    <ClCompile Include="pic_kernel.cpp">
      <Filter>Файлы исходного кода</Filter>
    </ClCompile>
    <ClCompile Include="tests.cpp">
      <Filter>Файлы исходного кода</Filter>
    </ClCompile>
    <ClCompile Include="..\pic\grid.cpp">
      <Filter>Файлы исходного кода</Filter>
    </ClCompile>
    <ClCompile Include="cl_buffer.h">
      <Filter>Заголовочные файлы</Filter>
    </ClCompile>
  </ItemGroup>
  <ItemGroup>
    <None Include="cl\test_boris.cl">
      <Filter>cl</Filter>
    </None>
    <None Include="cl\test_grid.cl">
      <Filter>cl</Filter>
    </None>
    <None Include="cl\kernel.cl">
      <Filter>cl</Filter>
    </None>
    <None Include="cl\include\grid.h">
      <Filter>cl\include</Filter>
    </None>
    <None Include="cl\include\init_fields.h">
      <Filter>cl\include</Filter>
    </None>
    <None Include="cl\include\particle.h">
      <Filter>cl\include</Filter>
    </None>
    <None Include="cl\include\particle_mover.h">
      <Filter>cl\include</Filter>
    </None>
    <None Include="cl\include\tests.h">
      <Filter>cl\include</Filter>
    </None>
    <None Include="cl\include\utils.h">
      <Filter>cl\include</Filter>
    </None>
  </ItemGroup>
</Project>